
Microsoft Visual Studio Solution File, Format Version 12.00
# Visual Studio 14
VisualStudioVersion = 14.0.25420.1
MinimumVisualStudioVersion = 10.0.40219.1
Project("{FAE04EC0-301F-11D3-BF4B-00C04F79EFBC}") = "Greetings", "Greetings\Greetings\Greetings.csproj", "{B1250C61-0981-4B02-92AC-23D151286848}"
EndProject
Project("{FAE04EC0-301F-11D3-BF4B-00C04F79EFBC}") = "Greetings.Droid", "Greetings\Greetings.Droid\Greetings.Droid.csproj", "{4A09F384-C307-46F8-8AB0-F88D7615A437}"
EndProject
Project("{FAE04EC0-301F-11D3-BF4B-00C04F79EFBC}") = "Greetings.iOS", "Greetings\Greetings.iOS\Greetings.iOS.csproj", "{63ED7625-112D-4F8E-AC2A-72B67941F2B6}"
EndProject
Project("{FAE04EC0-301F-11D3-BF4B-00C04F79EFBC}") = "Greetings.WinPhone", "Greetings\Greetings.WinPhone\Greetings.WinPhone.csproj", "{29D45D6C-AC4B-4B1A-9807-7F97F07EAD2E}"
EndProject
Project("{FAE04EC0-301F-11D3-BF4B-00C04F79EFBC}") = "Greetings.UWP", "Greetings\Greetings.UWP\Greetings.UWP.csproj", "{58DD7A0B-8BA0-4446-BD0C-F0C5557CB165}"
EndProject
Project("{FAE04EC0-301F-11D3-BF4B-00C04F79EFBC}") = "Greetings.Windows", "Greetings\Greetings.Windows\Greetings.Windows.csproj", "{DCFEDED6-F448-4736-A523-E54ACA80D51A}"
EndProject
Global
	GlobalSection(SolutionConfigurationPlatforms) = preSolution
		Ad-Hoc|Any CPU = Ad-Hoc|Any CPU
		Ad-Hoc|ARM = Ad-Hoc|ARM
		Ad-Hoc|iPhone = Ad-Hoc|iPhone
		Ad-Hoc|iPhoneSimulator = Ad-Hoc|iPhoneSimulator
		Ad-Hoc|x64 = Ad-Hoc|x64
		Ad-Hoc|x86 = Ad-Hoc|x86
		AppStore|Any CPU = AppStore|Any CPU
		AppStore|ARM = AppStore|ARM
		AppStore|iPhone = AppStore|iPhone
		AppStore|iPhoneSimulator = AppStore|iPhoneSimulator
		AppStore|x64 = AppStore|x64
		AppStore|x86 = AppStore|x86
		Debug|Any CPU = Debug|Any CPU
		Debug|ARM = Debug|ARM
		Debug|iPhone = Debug|iPhone
		Debug|iPhoneSimulator = Debug|iPhoneSimulator
		Debug|x64 = Debug|x64
		Debug|x86 = Debug|x86
		Release|Any CPU = Release|Any CPU
		Release|ARM = Release|ARM
		Release|iPhone = Release|iPhone
		Release|iPhoneSimulator = Release|iPhoneSimulator
		Release|x64 = Release|x64
		Release|x86 = Release|x86
	EndGlobalSection
	GlobalSection(ProjectConfigurationPlatforms) = postSolution
		{B1250C61-0981-4B02-92AC-23D151286848}.Ad-Hoc|Any CPU.ActiveCfg = Release|Any CPU
		{B1250C61-0981-4B02-92AC-23D151286848}.Ad-Hoc|Any CPU.Build.0 = Release|Any CPU
		{B1250C61-0981-4B02-92AC-23D151286848}.Ad-Hoc|ARM.ActiveCfg = Release|Any CPU
		{B1250C61-0981-4B02-92AC-23D151286848}.Ad-Hoc|ARM.Build.0 = Release|Any CPU
		{B1250C61-0981-4B02-92AC-23D151286848}.Ad-Hoc|iPhone.ActiveCfg = Release|Any CPU
		{B1250C61-0981-4B02-92AC-23D151286848}.Ad-Hoc|iPhone.Build.0 = Release|Any CPU
		{B1250C61-0981-4B02-92AC-23D151286848}.Ad-Hoc|iPhoneSimulator.ActiveCfg = Release|Any CPU
		{B1250C61-0981-4B02-92AC-23D151286848}.Ad-Hoc|iPhoneSimulator.Build.0 = Release|Any CPU
		{B1250C61-0981-4B02-92AC-23D151286848}.Ad-Hoc|x64.ActiveCfg = Release|Any CPU
		{B1250C61-0981-4B02-92AC-23D151286848}.Ad-Hoc|x64.Build.0 = Release|Any CPU
		{B1250C61-0981-4B02-92AC-23D151286848}.Ad-Hoc|x86.ActiveCfg = Release|Any CPU
		{B1250C61-0981-4B02-92AC-23D151286848}.Ad-Hoc|x86.Build.0 = Release|Any CPU
		{B1250C61-0981-4B02-92AC-23D151286848}.AppStore|Any CPU.ActiveCfg = Release|Any CPU
		{B1250C61-0981-4B02-92AC-23D151286848}.AppStore|Any CPU.Build.0 = Release|Any CPU
		{B1250C61-0981-4B02-92AC-23D151286848}.AppStore|ARM.ActiveCfg = Release|Any CPU
		{B1250C61-0981-4B02-92AC-23D151286848}.AppStore|ARM.Build.0 = Release|Any CPU
		{B1250C61-0981-4B02-92AC-23D151286848}.AppStore|iPhone.ActiveCfg = Release|Any CPU
		{B1250C61-0981-4B02-92AC-23D151286848}.AppStore|iPhone.Build.0 = Release|Any CPU
		{B1250C61-0981-4B02-92AC-23D151286848}.AppStore|iPhoneSimulator.ActiveCfg = Release|Any CPU
		{B1250C61-0981-4B02-92AC-23D151286848}.AppStore|iPhoneSimulator.Build.0 = Release|Any CPU
		{B1250C61-0981-4B02-92AC-23D151286848}.AppStore|x64.ActiveCfg = Release|Any CPU
		{B1250C61-0981-4B02-92AC-23D151286848}.AppStore|x64.Build.0 = Release|Any CPU
		{B1250C61-0981-4B02-92AC-23D151286848}.AppStore|x86.ActiveCfg = Release|Any CPU
		{B1250C61-0981-4B02-92AC-23D151286848}.AppStore|x86.Build.0 = Release|Any CPU
		{B1250C61-0981-4B02-92AC-23D151286848}.Debug|Any CPU.ActiveCfg = Debug|Any CPU
		{B1250C61-0981-4B02-92AC-23D151286848}.Debug|Any CPU.Build.0 = Debug|Any CPU
		{B1250C61-0981-4B02-92AC-23D151286848}.Debug|ARM.ActiveCfg = Debug|Any CPU
		{B1250C61-0981-4B02-92AC-23D151286848}.Debug|ARM.Build.0 = Debug|Any CPU
		{B1250C61-0981-4B02-92AC-23D151286848}.Debug|iPhone.ActiveCfg = Debug|Any CPU
		{B1250C61-0981-4B02-92AC-23D151286848}.Debug|iPhone.Build.0 = Debug|Any CPU
		{B1250C61-0981-4B02-92AC-23D151286848}.Debug|iPhoneSimulator.ActiveCfg = Debug|Any CPU
		{B1250C61-0981-4B02-92AC-23D151286848}.Debug|iPhoneSimulator.Build.0 = Debug|Any CPU
		{B1250C61-0981-4B02-92AC-23D151286848}.Debug|x64.ActiveCfg = Debug|Any CPU
		{B1250C61-0981-4B02-92AC-23D151286848}.Debug|x64.Build.0 = Debug|Any CPU
		{B1250C61-0981-4B02-92AC-23D151286848}.Debug|x86.ActiveCfg = Debug|Any CPU
		{B1250C61-0981-4B02-92AC-23D151286848}.Debug|x86.Build.0 = Debug|Any CPU
		{B1250C61-0981-4B02-92AC-23D151286848}.Release|Any CPU.ActiveCfg = Release|Any CPU
		{B1250C61-0981-4B02-92AC-23D151286848}.Release|Any CPU.Build.0 = Release|Any CPU
		{B1250C61-0981-4B02-92AC-23D151286848}.Release|ARM.ActiveCfg = Release|Any CPU
		{B1250C61-0981-4B02-92AC-23D151286848}.Release|ARM.Build.0 = Release|Any CPU
		{B1250C61-0981-4B02-92AC-23D151286848}.Release|iPhone.ActiveCfg = Release|Any CPU
		{B1250C61-0981-4B02-92AC-23D151286848}.Release|iPhone.Build.0 = Release|Any CPU
		{B1250C61-0981-4B02-92AC-23D151286848}.Release|iPhoneSimulator.ActiveCfg = Release|Any CPU
		{B1250C61-0981-4B02-92AC-23D151286848}.Release|iPhoneSimulator.Build.0 = Release|Any CPU
		{B1250C61-0981-4B02-92AC-23D151286848}.Release|x64.ActiveCfg = Release|Any CPU
		{B1250C61-0981-4B02-92AC-23D151286848}.Release|x64.Build.0 = Release|Any CPU
		{B1250C61-0981-4B02-92AC-23D151286848}.Release|x86.ActiveCfg = Release|Any CPU
		{B1250C61-0981-4B02-92AC-23D151286848}.Release|x86.Build.0 = Release|Any CPU
		{4A09F384-C307-46F8-8AB0-F88D7615A437}.Ad-Hoc|Any CPU.ActiveCfg = Release|Any CPU
		{4A09F384-C307-46F8-8AB0-F88D7615A437}.Ad-Hoc|Any CPU.Build.0 = Release|Any CPU
		{4A09F384-C307-46F8-8AB0-F88D7615A437}.Ad-Hoc|Any CPU.Deploy.0 = Release|Any CPU
		{4A09F384-C307-46F8-8AB0-F88D7615A437}.Ad-Hoc|ARM.ActiveCfg = Release|Any CPU
		{4A09F384-C307-46F8-8AB0-F88D7615A437}.Ad-Hoc|ARM.Build.0 = Release|Any CPU
		{4A09F384-C307-46F8-8AB0-F88D7615A437}.Ad-Hoc|ARM.Deploy.0 = Release|Any CPU
		{4A09F384-C307-46F8-8AB0-F88D7615A437}.Ad-Hoc|iPhone.ActiveCfg = Release|Any CPU
		{4A09F384-C307-46F8-8AB0-F88D7615A437}.Ad-Hoc|iPhone.Build.0 = Release|Any CPU
		{4A09F384-C307-46F8-8AB0-F88D7615A437}.Ad-Hoc|iPhone.Deploy.0 = Release|Any CPU
		{4A09F384-C307-46F8-8AB0-F88D7615A437}.Ad-Hoc|iPhoneSimulator.ActiveCfg = Release|Any CPU
		{4A09F384-C307-46F8-8AB0-F88D7615A437}.Ad-Hoc|iPhoneSimulator.Build.0 = Release|Any CPU
		{4A09F384-C307-46F8-8AB0-F88D7615A437}.Ad-Hoc|iPhoneSimulator.Deploy.0 = Release|Any CPU
		{4A09F384-C307-46F8-8AB0-F88D7615A437}.Ad-Hoc|x64.ActiveCfg = Release|Any CPU
		{4A09F384-C307-46F8-8AB0-F88D7615A437}.Ad-Hoc|x64.Build.0 = Release|Any CPU
		{4A09F384-C307-46F8-8AB0-F88D7615A437}.Ad-Hoc|x64.Deploy.0 = Release|Any CPU
		{4A09F384-C307-46F8-8AB0-F88D7615A437}.Ad-Hoc|x86.ActiveCfg = Release|Any CPU
		{4A09F384-C307-46F8-8AB0-F88D7615A437}.Ad-Hoc|x86.Build.0 = Release|Any CPU
		{4A09F384-C307-46F8-8AB0-F88D7615A437}.Ad-Hoc|x86.Deploy.0 = Release|Any CPU
		{4A09F384-C307-46F8-8AB0-F88D7615A437}.AppStore|Any CPU.ActiveCfg = Release|Any CPU
		{4A09F384-C307-46F8-8AB0-F88D7615A437}.AppStore|Any CPU.Build.0 = Release|Any CPU
		{4A09F384-C307-46F8-8AB0-F88D7615A437}.AppStore|Any CPU.Deploy.0 = Release|Any CPU
		{4A09F384-C307-46F8-8AB0-F88D7615A437}.AppStore|ARM.ActiveCfg = Release|Any CPU
		{4A09F384-C307-46F8-8AB0-F88D7615A437}.AppStore|ARM.Build.0 = Release|Any CPU
		{4A09F384-C307-46F8-8AB0-F88D7615A437}.AppStore|ARM.Deploy.0 = Release|Any CPU
		{4A09F384-C307-46F8-8AB0-F88D7615A437}.AppStore|iPhone.ActiveCfg = Release|Any CPU
		{4A09F384-C307-46F8-8AB0-F88D7615A437}.AppStore|iPhone.Build.0 = Release|Any CPU
		{4A09F384-C307-46F8-8AB0-F88D7615A437}.AppStore|iPhone.Deploy.0 = Release|Any CPU
		{4A09F384-C307-46F8-8AB0-F88D7615A437}.AppStore|iPhoneSimulator.ActiveCfg = Release|Any CPU
		{4A09F384-C307-46F8-8AB0-F88D7615A437}.AppStore|iPhoneSimulator.Build.0 = Release|Any CPU
		{4A09F384-C307-46F8-8AB0-F88D7615A437}.AppStore|iPhoneSimulator.Deploy.0 = Release|Any CPU
		{4A09F384-C307-46F8-8AB0-F88D7615A437}.AppStore|x64.ActiveCfg = Release|Any CPU
		{4A09F384-C307-46F8-8AB0-F88D7615A437}.AppStore|x64.Build.0 = Release|Any CPU
		{4A09F384-C307-46F8-8AB0-F88D7615A437}.AppStore|x64.Deploy.0 = Release|Any CPU
		{4A09F384-C307-46F8-8AB0-F88D7615A437}.AppStore|x86.ActiveCfg = Release|Any CPU
		{4A09F384-C307-46F8-8AB0-F88D7615A437}.AppStore|x86.Build.0 = Release|Any CPU
		{4A09F384-C307-46F8-8AB0-F88D7615A437}.AppStore|x86.Deploy.0 = Release|Any CPU
		{4A09F384-C307-46F8-8AB0-F88D7615A437}.Debug|Any CPU.ActiveCfg = Debug|Any CPU
		{4A09F384-C307-46F8-8AB0-F88D7615A437}.Debug|Any CPU.Build.0 = Debug|Any CPU
		{4A09F384-C307-46F8-8AB0-F88D7615A437}.Debug|Any CPU.Deploy.0 = Debug|Any CPU
		{4A09F384-C307-46F8-8AB0-F88D7615A437}.Debug|ARM.ActiveCfg = Debug|Any CPU
		{4A09F384-C307-46F8-8AB0-F88D7615A437}.Debug|ARM.Build.0 = Debug|Any CPU
		{4A09F384-C307-46F8-8AB0-F88D7615A437}.Debug|ARM.Deploy.0 = Debug|Any CPU
		{4A09F384-C307-46F8-8AB0-F88D7615A437}.Debug|iPhone.ActiveCfg = Debug|Any CPU
		{4A09F384-C307-46F8-8AB0-F88D7615A437}.Debug|iPhone.Build.0 = Debug|Any CPU
		{4A09F384-C307-46F8-8AB0-F88D7615A437}.Debug|iPhone.Deploy.0 = Debug|Any CPU
		{4A09F384-C307-46F8-8AB0-F88D7615A437}.Debug|iPhoneSimulator.ActiveCfg = Debug|Any CPU
		{4A09F384-C307-46F8-8AB0-F88D7615A437}.Debug|iPhoneSimulator.Build.0 = Debug|Any CPU
		{4A09F384-C307-46F8-8AB0-F88D7615A437}.Debug|iPhoneSimulator.Deploy.0 = Debug|Any CPU
		{4A09F384-C307-46F8-8AB0-F88D7615A437}.Debug|x64.ActiveCfg = Debug|Any CPU
		{4A09F384-C307-46F8-8AB0-F88D7615A437}.Debug|x64.Build.0 = Debug|Any CPU
		{4A09F384-C307-46F8-8AB0-F88D7615A437}.Debug|x64.Deploy.0 = Debug|Any CPU
		{4A09F384-C307-46F8-8AB0-F88D7615A437}.Debug|x86.ActiveCfg = Debug|Any CPU
		{4A09F384-C307-46F8-8AB0-F88D7615A437}.Debug|x86.Build.0 = Debug|Any CPU
		{4A09F384-C307-46F8-8AB0-F88D7615A437}.Debug|x86.Deploy.0 = Debug|Any CPU
		{4A09F384-C307-46F8-8AB0-F88D7615A437}.Release|Any CPU.ActiveCfg = Release|Any CPU
		{4A09F384-C307-46F8-8AB0-F88D7615A437}.Release|Any CPU.Build.0 = Release|Any CPU
		{4A09F384-C307-46F8-8AB0-F88D7615A437}.Release|Any CPU.Deploy.0 = Release|Any CPU
		{4A09F384-C307-46F8-8AB0-F88D7615A437}.Release|ARM.ActiveCfg = Release|Any CPU
		{4A09F384-C307-46F8-8AB0-F88D7615A437}.Release|ARM.Build.0 = Release|Any CPU
		{4A09F384-C307-46F8-8AB0-F88D7615A437}.Release|ARM.Deploy.0 = Release|Any CPU
		{4A09F384-C307-46F8-8AB0-F88D7615A437}.Release|iPhone.ActiveCfg = Release|Any CPU
		{4A09F384-C307-46F8-8AB0-F88D7615A437}.Release|iPhone.Build.0 = Release|Any CPU
		{4A09F384-C307-46F8-8AB0-F88D7615A437}.Release|iPhone.Deploy.0 = Release|Any CPU
		{4A09F384-C307-46F8-8AB0-F88D7615A437}.Release|iPhoneSimulator.ActiveCfg = Release|Any CPU
		{4A09F384-C307-46F8-8AB0-F88D7615A437}.Release|iPhoneSimulator.Build.0 = Release|Any CPU
		{4A09F384-C307-46F8-8AB0-F88D7615A437}.Release|iPhoneSimulator.Deploy.0 = Release|Any CPU
		{4A09F384-C307-46F8-8AB0-F88D7615A437}.Release|x64.ActiveCfg = Release|Any CPU
		{4A09F384-C307-46F8-8AB0-F88D7615A437}.Release|x64.Build.0 = Release|Any CPU
		{4A09F384-C307-46F8-8AB0-F88D7615A437}.Release|x64.Deploy.0 = Release|Any CPU
		{4A09F384-C307-46F8-8AB0-F88D7615A437}.Release|x86.ActiveCfg = Release|Any CPU
		{4A09F384-C307-46F8-8AB0-F88D7615A437}.Release|x86.Build.0 = Release|Any CPU
		{4A09F384-C307-46F8-8AB0-F88D7615A437}.Release|x86.Deploy.0 = Release|Any CPU
		{63ED7625-112D-4F8E-AC2A-72B67941F2B6}.Ad-Hoc|Any CPU.ActiveCfg = Ad-Hoc|iPhone
		{63ED7625-112D-4F8E-AC2A-72B67941F2B6}.Ad-Hoc|ARM.ActiveCfg = Ad-Hoc|iPhone
		{63ED7625-112D-4F8E-AC2A-72B67941F2B6}.Ad-Hoc|iPhone.ActiveCfg = Ad-Hoc|iPhone
		{63ED7625-112D-4F8E-AC2A-72B67941F2B6}.Ad-Hoc|iPhone.Build.0 = Ad-Hoc|iPhone
		{63ED7625-112D-4F8E-AC2A-72B67941F2B6}.Ad-Hoc|iPhoneSimulator.ActiveCfg = Ad-Hoc|iPhoneSimulator
		{63ED7625-112D-4F8E-AC2A-72B67941F2B6}.Ad-Hoc|iPhoneSimulator.Build.0 = Ad-Hoc|iPhoneSimulator
		{63ED7625-112D-4F8E-AC2A-72B67941F2B6}.Ad-Hoc|x64.ActiveCfg = Ad-Hoc|iPhone
		{63ED7625-112D-4F8E-AC2A-72B67941F2B6}.Ad-Hoc|x86.ActiveCfg = Ad-Hoc|iPhone
		{63ED7625-112D-4F8E-AC2A-72B67941F2B6}.AppStore|Any CPU.ActiveCfg = AppStore|iPhone
		{63ED7625-112D-4F8E-AC2A-72B67941F2B6}.AppStore|ARM.ActiveCfg = AppStore|iPhone
		{63ED7625-112D-4F8E-AC2A-72B67941F2B6}.AppStore|iPhone.ActiveCfg = AppStore|iPhone
		{63ED7625-112D-4F8E-AC2A-72B67941F2B6}.AppStore|iPhone.Build.0 = AppStore|iPhone
		{63ED7625-112D-4F8E-AC2A-72B67941F2B6}.AppStore|iPhoneSimulator.ActiveCfg = AppStore|iPhoneSimulator
		{63ED7625-112D-4F8E-AC2A-72B67941F2B6}.AppStore|iPhoneSimulator.Build.0 = AppStore|iPhoneSimulator
		{63ED7625-112D-4F8E-AC2A-72B67941F2B6}.AppStore|x64.ActiveCfg = AppStore|iPhone
		{63ED7625-112D-4F8E-AC2A-72B67941F2B6}.AppStore|x86.ActiveCfg = AppStore|iPhone
		{63ED7625-112D-4F8E-AC2A-72B67941F2B6}.Debug|Any CPU.ActiveCfg = Debug|iPhone
		{63ED7625-112D-4F8E-AC2A-72B67941F2B6}.Debug|ARM.ActiveCfg = Debug|iPhone
		{63ED7625-112D-4F8E-AC2A-72B67941F2B6}.Debug|iPhone.ActiveCfg = Debug|iPhone
		{63ED7625-112D-4F8E-AC2A-72B67941F2B6}.Debug|iPhone.Build.0 = Debug|iPhone
		{63ED7625-112D-4F8E-AC2A-72B67941F2B6}.Debug|iPhoneSimulator.ActiveCfg = Debug|iPhoneSimulator
		{63ED7625-112D-4F8E-AC2A-72B67941F2B6}.Debug|iPhoneSimulator.Build.0 = Debug|iPhoneSimulator
		{63ED7625-112D-4F8E-AC2A-72B67941F2B6}.Debug|x64.ActiveCfg = Debug|iPhone
		{63ED7625-112D-4F8E-AC2A-72B67941F2B6}.Debug|x86.ActiveCfg = Debug|iPhone
		{63ED7625-112D-4F8E-AC2A-72B67941F2B6}.Release|Any CPU.ActiveCfg = Release|iPhone
		{63ED7625-112D-4F8E-AC2A-72B67941F2B6}.Release|ARM.ActiveCfg = Release|iPhone
		{63ED7625-112D-4F8E-AC2A-72B67941F2B6}.Release|iPhone.ActiveCfg = Release|iPhone
		{63ED7625-112D-4F8E-AC2A-72B67941F2B6}.Release|iPhone.Build.0 = Release|iPhone
		{63ED7625-112D-4F8E-AC2A-72B67941F2B6}.Release|iPhoneSimulator.ActiveCfg = Release|iPhoneSimulator
		{63ED7625-112D-4F8E-AC2A-72B67941F2B6}.Release|iPhoneSimulator.Build.0 = Release|iPhoneSimulator
		{63ED7625-112D-4F8E-AC2A-72B67941F2B6}.Release|x64.ActiveCfg = Release|iPhone
		{63ED7625-112D-4F8E-AC2A-72B67941F2B6}.Release|x86.ActiveCfg = Release|iPhone
		{29D45D6C-AC4B-4B1A-9807-7F97F07EAD2E}.Ad-Hoc|Any CPU.ActiveCfg = Release|Any CPU
		{29D45D6C-AC4B-4B1A-9807-7F97F07EAD2E}.Ad-Hoc|Any CPU.Build.0 = Release|Any CPU
		{29D45D6C-AC4B-4B1A-9807-7F97F07EAD2E}.Ad-Hoc|Any CPU.Deploy.0 = Release|Any CPU
		{29D45D6C-AC4B-4B1A-9807-7F97F07EAD2E}.Ad-Hoc|ARM.ActiveCfg = Release|ARM
		{29D45D6C-AC4B-4B1A-9807-7F97F07EAD2E}.Ad-Hoc|ARM.Build.0 = Release|ARM
		{29D45D6C-AC4B-4B1A-9807-7F97F07EAD2E}.Ad-Hoc|ARM.Deploy.0 = Release|ARM
		{29D45D6C-AC4B-4B1A-9807-7F97F07EAD2E}.Ad-Hoc|iPhone.ActiveCfg = Release|Any CPU
		{29D45D6C-AC4B-4B1A-9807-7F97F07EAD2E}.Ad-Hoc|iPhone.Build.0 = Release|Any CPU
		{29D45D6C-AC4B-4B1A-9807-7F97F07EAD2E}.Ad-Hoc|iPhone.Deploy.0 = Release|Any CPU
		{29D45D6C-AC4B-4B1A-9807-7F97F07EAD2E}.Ad-Hoc|iPhoneSimulator.ActiveCfg = Release|Any CPU
		{29D45D6C-AC4B-4B1A-9807-7F97F07EAD2E}.Ad-Hoc|iPhoneSimulator.Build.0 = Release|Any CPU
		{29D45D6C-AC4B-4B1A-9807-7F97F07EAD2E}.Ad-Hoc|iPhoneSimulator.Deploy.0 = Release|Any CPU
		{29D45D6C-AC4B-4B1A-9807-7F97F07EAD2E}.Ad-Hoc|x64.ActiveCfg = Release|Any CPU
		{29D45D6C-AC4B-4B1A-9807-7F97F07EAD2E}.Ad-Hoc|x64.Build.0 = Release|Any CPU
		{29D45D6C-AC4B-4B1A-9807-7F97F07EAD2E}.Ad-Hoc|x64.Deploy.0 = Release|Any CPU
		{29D45D6C-AC4B-4B1A-9807-7F97F07EAD2E}.Ad-Hoc|x86.ActiveCfg = Release|x86
		{29D45D6C-AC4B-4B1A-9807-7F97F07EAD2E}.Ad-Hoc|x86.Build.0 = Release|x86
		{29D45D6C-AC4B-4B1A-9807-7F97F07EAD2E}.Ad-Hoc|x86.Deploy.0 = Release|x86
		{29D45D6C-AC4B-4B1A-9807-7F97F07EAD2E}.AppStore|Any CPU.ActiveCfg = Release|Any CPU
		{29D45D6C-AC4B-4B1A-9807-7F97F07EAD2E}.AppStore|Any CPU.Build.0 = Release|Any CPU
		{29D45D6C-AC4B-4B1A-9807-7F97F07EAD2E}.AppStore|Any CPU.Deploy.0 = Release|Any CPU
		{29D45D6C-AC4B-4B1A-9807-7F97F07EAD2E}.AppStore|ARM.ActiveCfg = Release|ARM
		{29D45D6C-AC4B-4B1A-9807-7F97F07EAD2E}.AppStore|ARM.Build.0 = Release|ARM
		{29D45D6C-AC4B-4B1A-9807-7F97F07EAD2E}.AppStore|ARM.Deploy.0 = Release|ARM
		{29D45D6C-AC4B-4B1A-9807-7F97F07EAD2E}.AppStore|iPhone.ActiveCfg = Release|Any CPU
		{29D45D6C-AC4B-4B1A-9807-7F97F07EAD2E}.AppStore|iPhone.Build.0 = Release|Any CPU
		{29D45D6C-AC4B-4B1A-9807-7F97F07EAD2E}.AppStore|iPhone.Deploy.0 = Release|Any CPU
		{29D45D6C-AC4B-4B1A-9807-7F97F07EAD2E}.AppStore|iPhoneSimulator.ActiveCfg = Release|Any CPU
		{29D45D6C-AC4B-4B1A-9807-7F97F07EAD2E}.AppStore|iPhoneSimulator.Build.0 = Release|Any CPU
		{29D45D6C-AC4B-4B1A-9807-7F97F07EAD2E}.AppStore|iPhoneSimulator.Deploy.0 = Release|Any CPU
		{29D45D6C-AC4B-4B1A-9807-7F97F07EAD2E}.AppStore|x64.ActiveCfg = Release|Any CPU
		{29D45D6C-AC4B-4B1A-9807-7F97F07EAD2E}.AppStore|x64.Build.0 = Release|Any CPU
		{29D45D6C-AC4B-4B1A-9807-7F97F07EAD2E}.AppStore|x64.Deploy.0 = Release|Any CPU
		{29D45D6C-AC4B-4B1A-9807-7F97F07EAD2E}.AppStore|x86.ActiveCfg = Release|x86
		{29D45D6C-AC4B-4B1A-9807-7F97F07EAD2E}.AppStore|x86.Build.0 = Release|x86
		{29D45D6C-AC4B-4B1A-9807-7F97F07EAD2E}.AppStore|x86.Deploy.0 = Release|x86
		{29D45D6C-AC4B-4B1A-9807-7F97F07EAD2E}.Debug|Any CPU.ActiveCfg = Debug|Any CPU
		{29D45D6C-AC4B-4B1A-9807-7F97F07EAD2E}.Debug|Any CPU.Build.0 = Debug|Any CPU
		{29D45D6C-AC4B-4B1A-9807-7F97F07EAD2E}.Debug|Any CPU.Deploy.0 = Debug|Any CPU
		{29D45D6C-AC4B-4B1A-9807-7F97F07EAD2E}.Debug|ARM.ActiveCfg = Debug|ARM
		{29D45D6C-AC4B-4B1A-9807-7F97F07EAD2E}.Debug|ARM.Build.0 = Debug|ARM
		{29D45D6C-AC4B-4B1A-9807-7F97F07EAD2E}.Debug|ARM.Deploy.0 = Debug|ARM
		{29D45D6C-AC4B-4B1A-9807-7F97F07EAD2E}.Debug|iPhone.ActiveCfg = Debug|Any CPU
		{29D45D6C-AC4B-4B1A-9807-7F97F07EAD2E}.Debug|iPhone.Build.0 = Debug|Any CPU
		{29D45D6C-AC4B-4B1A-9807-7F97F07EAD2E}.Debug|iPhone.Deploy.0 = Debug|Any CPU
		{29D45D6C-AC4B-4B1A-9807-7F97F07EAD2E}.Debug|iPhoneSimulator.ActiveCfg = Debug|Any CPU
		{29D45D6C-AC4B-4B1A-9807-7F97F07EAD2E}.Debug|iPhoneSimulator.Build.0 = Debug|Any CPU
		{29D45D6C-AC4B-4B1A-9807-7F97F07EAD2E}.Debug|iPhoneSimulator.Deploy.0 = Debug|Any CPU
		{29D45D6C-AC4B-4B1A-9807-7F97F07EAD2E}.Debug|x64.ActiveCfg = Debug|Any CPU
		{29D45D6C-AC4B-4B1A-9807-7F97F07EAD2E}.Debug|x64.Build.0 = Debug|Any CPU
		{29D45D6C-AC4B-4B1A-9807-7F97F07EAD2E}.Debug|x64.Deploy.0 = Debug|Any CPU
		{29D45D6C-AC4B-4B1A-9807-7F97F07EAD2E}.Debug|x86.ActiveCfg = Debug|x86
		{29D45D6C-AC4B-4B1A-9807-7F97F07EAD2E}.Debug|x86.Build.0 = Debug|x86
		{29D45D6C-AC4B-4B1A-9807-7F97F07EAD2E}.Debug|x86.Deploy.0 = Debug|x86
		{29D45D6C-AC4B-4B1A-9807-7F97F07EAD2E}.Release|Any CPU.ActiveCfg = Release|Any CPU
		{29D45D6C-AC4B-4B1A-9807-7F97F07EAD2E}.Release|Any CPU.Build.0 = Release|Any CPU
		{29D45D6C-AC4B-4B1A-9807-7F97F07EAD2E}.Release|Any CPU.Deploy.0 = Release|Any CPU
		{29D45D6C-AC4B-4B1A-9807-7F97F07EAD2E}.Release|ARM.ActiveCfg = Release|ARM
		{29D45D6C-AC4B-4B1A-9807-7F97F07EAD2E}.Release|ARM.Build.0 = Release|ARM
		{29D45D6C-AC4B-4B1A-9807-7F97F07EAD2E}.Release|ARM.Deploy.0 = Release|ARM
		{29D45D6C-AC4B-4B1A-9807-7F97F07EAD2E}.Release|iPhone.ActiveCfg = Release|Any CPU
		{29D45D6C-AC4B-4B1A-9807-7F97F07EAD2E}.Release|iPhone.Build.0 = Release|Any CPU
		{29D45D6C-AC4B-4B1A-9807-7F97F07EAD2E}.Release|iPhone.Deploy.0 = Release|Any CPU
		{29D45D6C-AC4B-4B1A-9807-7F97F07EAD2E}.Release|iPhoneSimulator.ActiveCfg = Release|Any CPU
		{29D45D6C-AC4B-4B1A-9807-7F97F07EAD2E}.Release|iPhoneSimulator.Build.0 = Release|Any CPU
		{29D45D6C-AC4B-4B1A-9807-7F97F07EAD2E}.Release|iPhoneSimulator.Deploy.0 = Release|Any CPU
		{29D45D6C-AC4B-4B1A-9807-7F97F07EAD2E}.Release|x64.ActiveCfg = Release|Any CPU
		{29D45D6C-AC4B-4B1A-9807-7F97F07EAD2E}.Release|x64.Build.0 = Release|Any CPU
		{29D45D6C-AC4B-4B1A-9807-7F97F07EAD2E}.Release|x64.Deploy.0 = Release|Any CPU
		{29D45D6C-AC4B-4B1A-9807-7F97F07EAD2E}.Release|x86.ActiveCfg = Release|x86
		{29D45D6C-AC4B-4B1A-9807-7F97F07EAD2E}.Release|x86.Build.0 = Release|x86
		{29D45D6C-AC4B-4B1A-9807-7F97F07EAD2E}.Release|x86.Deploy.0 = Release|x86
		{58DD7A0B-8BA0-4446-BD0C-F0C5557CB165}.Ad-Hoc|Any CPU.ActiveCfg = Release|x86
		{58DD7A0B-8BA0-4446-BD0C-F0C5557CB165}.Ad-Hoc|Any CPU.Build.0 = Release|x86
		{58DD7A0B-8BA0-4446-BD0C-F0C5557CB165}.Ad-Hoc|Any CPU.Deploy.0 = Release|x86
		{58DD7A0B-8BA0-4446-BD0C-F0C5557CB165}.Ad-Hoc|ARM.ActiveCfg = Release|ARM
		{58DD7A0B-8BA0-4446-BD0C-F0C5557CB165}.Ad-Hoc|ARM.Build.0 = Release|ARM
		{58DD7A0B-8BA0-4446-BD0C-F0C5557CB165}.Ad-Hoc|ARM.Deploy.0 = Release|ARM
		{58DD7A0B-8BA0-4446-BD0C-F0C5557CB165}.Ad-Hoc|iPhone.ActiveCfg = Release|x86
		{58DD7A0B-8BA0-4446-BD0C-F0C5557CB165}.Ad-Hoc|iPhone.Build.0 = Release|x86
		{58DD7A0B-8BA0-4446-BD0C-F0C5557CB165}.Ad-Hoc|iPhone.Deploy.0 = Release|x86
		{58DD7A0B-8BA0-4446-BD0C-F0C5557CB165}.Ad-Hoc|iPhoneSimulator.ActiveCfg = Release|x86
		{58DD7A0B-8BA0-4446-BD0C-F0C5557CB165}.Ad-Hoc|iPhoneSimulator.Build.0 = Release|x86
		{58DD7A0B-8BA0-4446-BD0C-F0C5557CB165}.Ad-Hoc|iPhoneSimulator.Deploy.0 = Release|x86
		{58DD7A0B-8BA0-4446-BD0C-F0C5557CB165}.Ad-Hoc|x64.ActiveCfg = Release|x64
		{58DD7A0B-8BA0-4446-BD0C-F0C5557CB165}.Ad-Hoc|x64.Build.0 = Release|x64
		{58DD7A0B-8BA0-4446-BD0C-F0C5557CB165}.Ad-Hoc|x64.Deploy.0 = Release|x64
		{58DD7A0B-8BA0-4446-BD0C-F0C5557CB165}.Ad-Hoc|x86.ActiveCfg = Release|x86
		{58DD7A0B-8BA0-4446-BD0C-F0C5557CB165}.Ad-Hoc|x86.Build.0 = Release|x86
		{58DD7A0B-8BA0-4446-BD0C-F0C5557CB165}.Ad-Hoc|x86.Deploy.0 = Release|x86
		{58DD7A0B-8BA0-4446-BD0C-F0C5557CB165}.AppStore|Any CPU.ActiveCfg = Release|x86
		{58DD7A0B-8BA0-4446-BD0C-F0C5557CB165}.AppStore|Any CPU.Build.0 = Release|x86
		{58DD7A0B-8BA0-4446-BD0C-F0C5557CB165}.AppStore|Any CPU.Deploy.0 = Release|x86
		{58DD7A0B-8BA0-4446-BD0C-F0C5557CB165}.AppStore|ARM.ActiveCfg = Release|ARM
		{58DD7A0B-8BA0-4446-BD0C-F0C5557CB165}.AppStore|ARM.Build.0 = Release|ARM
		{58DD7A0B-8BA0-4446-BD0C-F0C5557CB165}.AppStore|ARM.Deploy.0 = Release|ARM
		{58DD7A0B-8BA0-4446-BD0C-F0C5557CB165}.AppStore|iPhone.ActiveCfg = Release|x86
		{58DD7A0B-8BA0-4446-BD0C-F0C5557CB165}.AppStore|iPhone.Build.0 = Release|x86
		{58DD7A0B-8BA0-4446-BD0C-F0C5557CB165}.AppStore|iPhone.Deploy.0 = Release|x86
		{58DD7A0B-8BA0-4446-BD0C-F0C5557CB165}.AppStore|iPhoneSimulator.ActiveCfg = Release|x86
		{58DD7A0B-8BA0-4446-BD0C-F0C5557CB165}.AppStore|iPhoneSimulator.Build.0 = Release|x86
		{58DD7A0B-8BA0-4446-BD0C-F0C5557CB165}.AppStore|iPhoneSimulator.Deploy.0 = Release|x86
		{58DD7A0B-8BA0-4446-BD0C-F0C5557CB165}.AppStore|x64.ActiveCfg = Release|x64
		{58DD7A0B-8BA0-4446-BD0C-F0C5557CB165}.AppStore|x64.Build.0 = Release|x64
		{58DD7A0B-8BA0-4446-BD0C-F0C5557CB165}.AppStore|x64.Deploy.0 = Release|x64
		{58DD7A0B-8BA0-4446-BD0C-F0C5557CB165}.AppStore|x86.ActiveCfg = Release|x86
		{58DD7A0B-8BA0-4446-BD0C-F0C5557CB165}.AppStore|x86.Build.0 = Release|x86
		{58DD7A0B-8BA0-4446-BD0C-F0C5557CB165}.AppStore|x86.Deploy.0 = Release|x86
		{58DD7A0B-8BA0-4446-BD0C-F0C5557CB165}.Debug|Any CPU.ActiveCfg = Debug|x86
		{58DD7A0B-8BA0-4446-BD0C-F0C5557CB165}.Debug|ARM.ActiveCfg = Debug|ARM
		{58DD7A0B-8BA0-4446-BD0C-F0C5557CB165}.Debug|ARM.Build.0 = Debug|ARM
		{58DD7A0B-8BA0-4446-BD0C-F0C5557CB165}.Debug|ARM.Deploy.0 = Debug|ARM
		{58DD7A0B-8BA0-4446-BD0C-F0C5557CB165}.Debug|iPhone.ActiveCfg = Debug|x86
		{58DD7A0B-8BA0-4446-BD0C-F0C5557CB165}.Debug|iPhoneSimulator.ActiveCfg = Debug|x86
		{58DD7A0B-8BA0-4446-BD0C-F0C5557CB165}.Debug|x64.ActiveCfg = Debug|x64
		{58DD7A0B-8BA0-4446-BD0C-F0C5557CB165}.Debug|x64.Build.0 = Debug|x64
		{58DD7A0B-8BA0-4446-BD0C-F0C5557CB165}.Debug|x64.Deploy.0 = Debug|x64
		{58DD7A0B-8BA0-4446-BD0C-F0C5557CB165}.Debug|x86.ActiveCfg = Debug|x86
		{58DD7A0B-8BA0-4446-BD0C-F0C5557CB165}.Debug|x86.Build.0 = Debug|x86
		{58DD7A0B-8BA0-4446-BD0C-F0C5557CB165}.Debug|x86.Deploy.0 = Debug|x86
		{58DD7A0B-8BA0-4446-BD0C-F0C5557CB165}.Release|Any CPU.ActiveCfg = Release|x86
		{58DD7A0B-8BA0-4446-BD0C-F0C5557CB165}.Release|ARM.ActiveCfg = Release|ARM
		{58DD7A0B-8BA0-4446-BD0C-F0C5557CB165}.Release|ARM.Build.0 = Release|ARM
		{58DD7A0B-8BA0-4446-BD0C-F0C5557CB165}.Release|ARM.Deploy.0 = Release|ARM
		{58DD7A0B-8BA0-4446-BD0C-F0C5557CB165}.Release|iPhone.ActiveCfg = Release|x86
		{58DD7A0B-8BA0-4446-BD0C-F0C5557CB165}.Release|iPhoneSimulator.ActiveCfg = Release|x86
		{58DD7A0B-8BA0-4446-BD0C-F0C5557CB165}.Release|x64.ActiveCfg = Release|x64
		{58DD7A0B-8BA0-4446-BD0C-F0C5557CB165}.Release|x64.Build.0 = Release|x64
		{58DD7A0B-8BA0-4446-BD0C-F0C5557CB165}.Release|x64.Deploy.0 = Release|x64
		{58DD7A0B-8BA0-4446-BD0C-F0C5557CB165}.Release|x86.ActiveCfg = Release|x86
		{58DD7A0B-8BA0-4446-BD0C-F0C5557CB165}.Release|x86.Build.0 = Release|x86
		{58DD7A0B-8BA0-4446-BD0C-F0C5557CB165}.Release|x86.Deploy.0 = Release|x86
		{DCFEDED6-F448-4736-A523-E54ACA80D51A}.Ad-Hoc|Any CPU.ActiveCfg = Release|Any CPU
		{DCFEDED6-F448-4736-A523-E54ACA80D51A}.Ad-Hoc|Any CPU.Build.0 = Release|Any CPU
		{DCFEDED6-F448-4736-A523-E54ACA80D51A}.Ad-Hoc|Any CPU.Deploy.0 = Release|Any CPU
		{DCFEDED6-F448-4736-A523-E54ACA80D51A}.Ad-Hoc|ARM.ActiveCfg = Release|ARM
		{DCFEDED6-F448-4736-A523-E54ACA80D51A}.Ad-Hoc|ARM.Build.0 = Release|ARM
		{DCFEDED6-F448-4736-A523-E54ACA80D51A}.Ad-Hoc|ARM.Deploy.0 = Release|ARM
		{DCFEDED6-F448-4736-A523-E54ACA80D51A}.Ad-Hoc|iPhone.ActiveCfg = Release|Any CPU
		{DCFEDED6-F448-4736-A523-E54ACA80D51A}.Ad-Hoc|iPhone.Build.0 = Release|Any CPU
		{DCFEDED6-F448-4736-A523-E54ACA80D51A}.Ad-Hoc|iPhone.Deploy.0 = Release|Any CPU
		{DCFEDED6-F448-4736-A523-E54ACA80D51A}.Ad-Hoc|iPhoneSimulator.ActiveCfg = Release|Any CPU
		{DCFEDED6-F448-4736-A523-E54ACA80D51A}.Ad-Hoc|iPhoneSimulator.Build.0 = Release|Any CPU
		{DCFEDED6-F448-4736-A523-E54ACA80D51A}.Ad-Hoc|iPhoneSimulator.Deploy.0 = Release|Any CPU
		{DCFEDED6-F448-4736-A523-E54ACA80D51A}.Ad-Hoc|x64.ActiveCfg = Release|x64
		{DCFEDED6-F448-4736-A523-E54ACA80D51A}.Ad-Hoc|x64.Build.0 = Release|x64
		{DCFEDED6-F448-4736-A523-E54ACA80D51A}.Ad-Hoc|x64.Deploy.0 = Release|x64
		{DCFEDED6-F448-4736-A523-E54ACA80D51A}.Ad-Hoc|x86.ActiveCfg = Release|x86
		{DCFEDED6-F448-4736-A523-E54ACA80D51A}.Ad-Hoc|x86.Build.0 = Release|x86
		{DCFEDED6-F448-4736-A523-E54ACA80D51A}.Ad-Hoc|x86.Deploy.0 = Release|x86
		{DCFEDED6-F448-4736-A523-E54ACA80D51A}.AppStore|Any CPU.ActiveCfg = Release|Any CPU
		{DCFEDED6-F448-4736-A523-E54ACA80D51A}.AppStore|Any CPU.Build.0 = Release|Any CPU
		{DCFEDED6-F448-4736-A523-E54ACA80D51A}.AppStore|Any CPU.Deploy.0 = Release|Any CPU
		{DCFEDED6-F448-4736-A523-E54ACA80D51A}.AppStore|ARM.ActiveCfg = Release|ARM
		{DCFEDED6-F448-4736-A523-E54ACA80D51A}.AppStore|ARM.Build.0 = Release|ARM
		{DCFEDED6-F448-4736-A523-E54ACA80D51A}.AppStore|ARM.Deploy.0 = Release|ARM
		{DCFEDED6-F448-4736-A523-E54ACA80D51A}.AppStore|iPhone.ActiveCfg = Release|Any CPU
		{DCFEDED6-F448-4736-A523-E54ACA80D51A}.AppStore|iPhone.Build.0 = Release|Any CPU
		{DCFEDED6-F448-4736-A523-E54ACA80D51A}.AppStore|iPhone.Deploy.0 = Release|Any CPU
		{DCFEDED6-F448-4736-A523-E54ACA80D51A}.AppStore|iPhoneSimulator.ActiveCfg = Release|Any CPU
		{DCFEDED6-F448-4736-A523-E54ACA80D51A}.AppStore|iPhoneSimulator.Build.0 = Release|Any CPU
		{DCFEDED6-F448-4736-A523-E54ACA80D51A}.AppStore|iPhoneSimulator.Deploy.0 = Release|Any CPU
		{DCFEDED6-F448-4736-A523-E54ACA80D51A}.AppStore|x64.ActiveCfg = Release|x64
		{DCFEDED6-F448-4736-A523-E54ACA80D51A}.AppStore|x64.Build.0 = Release|x64
		{DCFEDED6-F448-4736-A523-E54ACA80D51A}.AppStore|x64.Deploy.0 = Release|x64
		{DCFEDED6-F448-4736-A523-E54ACA80D51A}.AppStore|x86.ActiveCfg = Release|x86
		{DCFEDED6-F448-4736-A523-E54ACA80D51A}.AppStore|x86.Build.0 = Release|x86
		{DCFEDED6-F448-4736-A523-E54ACA80D51A}.AppStore|x86.Deploy.0 = Release|x86
		{DCFEDED6-F448-4736-A523-E54ACA80D51A}.Debug|Any CPU.ActiveCfg = Debug|Any CPU
		{DCFEDED6-F448-4736-A523-E54ACA80D51A}.Debug|Any CPU.Build.0 = Debug|Any CPU
		{DCFEDED6-F448-4736-A523-E54ACA80D51A}.Debug|Any CPU.Deploy.0 = Debug|Any CPU
		{DCFEDED6-F448-4736-A523-E54ACA80D51A}.Debug|ARM.ActiveCfg = Debug|ARM
		{DCFEDED6-F448-4736-A523-E54ACA80D51A}.Debug|ARM.Build.0 = Debug|ARM
		{DCFEDED6-F448-4736-A523-E54ACA80D51A}.Debug|ARM.Deploy.0 = Debug|ARM
		{DCFEDED6-F448-4736-A523-E54ACA80D51A}.Debug|iPhone.ActiveCfg = Debug|Any CPU
		{DCFEDED6-F448-4736-A523-E54ACA80D51A}.Debug|iPhone.Build.0 = Debug|Any CPU
		{DCFEDED6-F448-4736-A523-E54ACA80D51A}.Debug|iPhone.Deploy.0 = Debug|Any CPU
		{DCFEDED6-F448-4736-A523-E54ACA80D51A}.Debug|iPhoneSimulator.ActiveCfg = Debug|Any CPU
		{DCFEDED6-F448-4736-A523-E54ACA80D51A}.Debug|iPhoneSimulator.Build.0 = Debug|Any CPU
		{DCFEDED6-F448-4736-A523-E54ACA80D51A}.Debug|iPhoneSimulator.Deploy.0 = Debug|Any CPU
		{DCFEDED6-F448-4736-A523-E54ACA80D51A}.Debug|x64.ActiveCfg = Debug|x64
		{DCFEDED6-F448-4736-A523-E54ACA80D51A}.Debug|x64.Build.0 = Debug|x64
		{DCFEDED6-F448-4736-A523-E54ACA80D51A}.Debug|x64.Deploy.0 = Debug|x64
		{DCFEDED6-F448-4736-A523-E54ACA80D51A}.Debug|x86.ActiveCfg = Debug|x86
		{DCFEDED6-F448-4736-A523-E54ACA80D51A}.Debug|x86.Build.0 = Debug|x86
		{DCFEDED6-F448-4736-A523-E54ACA80D51A}.Debug|x86.Deploy.0 = Debug|x86
		{DCFEDED6-F448-4736-A523-E54ACA80D51A}.Release|Any CPU.ActiveCfg = Release|Any CPU
		{DCFEDED6-F448-4736-A523-E54ACA80D51A}.Release|Any CPU.Build.0 = Release|Any CPU
		{DCFEDED6-F448-4736-A523-E54ACA80D51A}.Release|Any CPU.Deploy.0 = Release|Any CPU
		{DCFEDED6-F448-4736-A523-E54ACA80D51A}.Release|ARM.ActiveCfg = Release|ARM
		{DCFEDED6-F448-4736-A523-E54ACA80D51A}.Release|ARM.Build.0 = Release|ARM
		{DCFEDED6-F448-4736-A523-E54ACA80D51A}.Release|ARM.Deploy.0 = Release|ARM
		{DCFEDED6-F448-4736-A523-E54ACA80D51A}.Release|iPhone.ActiveCfg = Release|Any CPU
		{DCFEDED6-F448-4736-A523-E54ACA80D51A}.Release|iPhone.Build.0 = Release|Any CPU
		{DCFEDED6-F448-4736-A523-E54ACA80D51A}.Release|iPhone.Deploy.0 = Release|Any CPU
		{DCFEDED6-F448-4736-A523-E54ACA80D51A}.Release|iPhoneSimulator.ActiveCfg = Release|Any CPU
		{DCFEDED6-F448-4736-A523-E54ACA80D51A}.Release|iPhoneSimulator.Build.0 = Release|Any CPU
		{DCFEDED6-F448-4736-A523-E54ACA80D51A}.Release|iPhoneSimulator.Deploy.0 = Release|Any CPU
		{DCFEDED6-F448-4736-A523-E54ACA80D51A}.Release|x64.ActiveCfg = Release|x64
		{DCFEDED6-F448-4736-A523-E54ACA80D51A}.Release|x64.Build.0 = Release|x64
		{DCFEDED6-F448-4736-A523-E54ACA80D51A}.Release|x64.Deploy.0 = Release|x64
		{DCFEDED6-F448-4736-A523-E54ACA80D51A}.Release|x86.ActiveCfg = Release|x86
		{DCFEDED6-F448-4736-A523-E54ACA80D51A}.Release|x86.Build.0 = Release|x86
		{DCFEDED6-F448-4736-A523-E54ACA80D51A}.Release|x86.Deploy.0 = Release|x86
	EndGlobalSection
	GlobalSection(SolutionProperties) = preSolution
		HideSolutionNode = FALSE
	EndGlobalSection
EndGlobal
